
Microsoft Visual Studio Solution File, Format Version 12.00
# Visual Studio 15
VisualStudioVersion = 15.0.28307.136
MinimumVisualStudioVersion = 10.0.40219.1
Project("{FAE04EC0-301F-11D3-BF4B-00C04F79EFBC}") = "TaHelloAzure", "TaHelloAzure\TaHelloAzure.csproj", "{04F2A0DC-2F2F-46DE-8CBE-84B79AD6EF6A}"
EndProject
Project("{9A19103F-16F7-4668-BE54-9A1E7A4F7556}") = "TaHelloAzureCore", "TaHelloAzureCore\TaHelloAzureCore.csproj", "{79996F07-A5E9-4547-9409-BED4AA51E9B2}"
EndProject
Project("{FAE04EC0-301F-11D3-BF4B-00C04F79EFBC}") = "TaAzureDemo", "TaAzureDemo\TaAzureDemo.csproj", "{A7543DCF-DB8E-4503-A84A-E58CDB5917C7}"
EndProject
Global
	GlobalSection(SolutionConfigurationPlatforms) = preSolution
		Debug|Any CPU = Debug|Any CPU
		Release|Any CPU = Release|Any CPU
	EndGlobalSection
	GlobalSection(ProjectConfigurationPlatforms) = postSolution
		{04F2A0DC-2F2F-46DE-8CBE-84B79AD6EF6A}.Debug|Any CPU.ActiveCfg = Debug|Any CPU
		{04F2A0DC-2F2F-46DE-8CBE-84B79AD6EF6A}.Debug|Any CPU.Build.0 = Debug|Any CPU
		{04F2A0DC-2F2F-46DE-8CBE-84B79AD6EF6A}.Release|Any CPU.ActiveCfg = Release|Any CPU
		{04F2A0DC-2F2F-46DE-8CBE-84B79AD6EF6A}.Release|Any CPU.Build.0 = Release|Any CPU
		{79996F07-A5E9-4547-9409-BED4AA51E9B2}.Debug|Any CPU.ActiveCfg = Debug|Any CPU
		{79996F07-A5E9-4547-9409-BED4AA51E9B2}.Debug|Any CPU.Build.0 = Debug|Any CPU
		{79996F07-A5E9-4547-9409-BED4AA51E9B2}.Release|Any CPU.ActiveCfg = Release|Any CPU
		{79996F07-A5E9-4547-9409-BED4AA51E9B2}.Release|Any CPU.Build.0 = Release|Any CPU
		{A7543DCF-DB8E-4503-A84A-E58CDB5917C7}.Debug|Any CPU.ActiveCfg = Debug|Any CPU
		{A7543DCF-DB8E-4503-A84A-E58CDB5917C7}.Debug|Any CPU.Build.0 = Debug|Any CPU
		{A7543DCF-DB8E-4503-A84A-E58CDB5917C7}.Release|Any CPU.ActiveCfg = Release|Any CPU
		{A7543DCF-DB8E-4503-A84A-E58CDB5917C7}.Release|Any CPU.Build.0 = Release|Any CPU
	EndGlobalSection
	GlobalSection(SolutionProperties) = preSolution
		HideSolutionNode = FALSE
	EndGlobalSection
	GlobalSection(ExtensibilityGlobals) = postSolution
		SolutionGuid = {68FE803A-2696-4422-B7EF-2DA4F2342F65}
	EndGlobalSection
EndGlobal
